
Microsoft Visual Studio Solution File, Format Version 12.00
# Visual Studio Version 16
VisualStudioVersion = 16.0.31729.503
MinimumVisualStudioVersion = 10.0.40219.1
Project("{FAE04EC0-301F-11D3-BF4B-00C04F79EFBC}") = "Bld", "Bld.csproj", "{B0E33336-5256-4393-BE55-BCECE65DBD22}"
EndProject
Global
	GlobalSection(SolutionConfigurationPlatforms) = preSolution
		Debug|Any CPU = Debug|Any CPU
		Release|Any CPU = Release|Any CPU
	EndGlobalSection
	GlobalSection(ProjectConfigurationPlatforms) = postSolution
		{B0E33336-5256-4393-BE55-BCECE65DBD22}.Debug|Any CPU.ActiveCfg = Debug|Any CPU
		{B0E33336-5256-4393-BE55-BCECE65DBD22}.Debug|Any CPU.Build.0 = Debug|Any CPU
		{B0E33336-5256-4393-BE55-BCECE65DBD22}.Release|Any CPU.ActiveCfg = Release|Any CPU
		{B0E33336-5256-4393-BE55-BCECE65DBD22}.Release|Any CPU.Build.0 = Release|Any CPU
	EndGlobalSection
	GlobalSection(SolutionProperties) = preSolution
		HideSolutionNode = FALSE
	EndGlobalSection
	GlobalSection(ExtensibilityGlobals) = postSolution
		SolutionGuid = {86C2355F-7345-48AE-8557-AC93AC8563F1}
	EndGlobalSection
EndGlobal
